// !$*UTF8*$!
{
	archiveVersion = 1;
	classes = {
	};
	objectVersion = 46;
	objects = {

/* Begin PBXBuildFile section */
		043758DC1DE5634E008FA8C3 /* Time.swift in Sources */ = {isa = PBXBuildFile; fileRef = 043758DB1DE5634E008FA8C3 /* Time.swift */; };
		0440C2671D4873C20097D400 /* Card.swift in Sources */ = {isa = PBXBuildFile; fileRef = 0440C2661D4873C20097D400 /* Card.swift */; };
		0450CDD41D338E7600C07D7A /* AppDelegate.swift in Sources */ = {isa = PBXBuildFile; fileRef = 0450CDD31D338E7600C07D7A /* AppDelegate.swift */; };
		0450CDD61D338E7600C07D7A /* CardsViewController.swift in Sources */ = {isa = PBXBuildFile; fileRef = 0450CDD51D338E7600C07D7A /* CardsViewController.swift */; };
		0450CDD91D338E7600C07D7A /* Main.storyboard in Resources */ = {isa = PBXBuildFile; fileRef = 0450CDD71D338E7600C07D7A /* Main.storyboard */; };
		0450CDDB1D338E7600C07D7A /* Assets.xcassets in Resources */ = {isa = PBXBuildFile; fileRef = 0450CDDA1D338E7600C07D7A /* Assets.xcassets */; };
		0450CDDE1D338E7600C07D7A /* LaunchScreen.storyboard in Resources */ = {isa = PBXBuildFile; fileRef = 0450CDDC1D338E7600C07D7A /* LaunchScreen.storyboard */; };
		04611EBD1DF198200009BDE1 /* BacksideController.swift in Sources */ = {isa = PBXBuildFile; fileRef = 04611EBC1DF198200009BDE1 /* BacksideController.swift */; };
		04611EBF1DF1A1650009BDE1 /* TopItem.swift in Sources */ = {isa = PBXBuildFile; fileRef = 04611EBE1DF1A1650009BDE1 /* TopItem.swift */; };
		04611EC11DF1A17E0009BDE1 /* BottomItem.swift in Sources */ = {isa = PBXBuildFile; fileRef = 04611EC01DF1A17E0009BDE1 /* BottomItem.swift */; };
		04611EC31DF2E2700009BDE1 /* Score.swift in Sources */ = {isa = PBXBuildFile; fileRef = 04611EC21DF2E2700009BDE1 /* Score.swift */; };
		04611EC51DF2E2FA0009BDE1 /* Passes.swift in Sources */ = {isa = PBXBuildFile; fileRef = 04611EC41DF2E2FA0009BDE1 /* Passes.swift */; };
		04ACA2631DB878DF0075289D /* Task.swift in Sources */ = {isa = PBXBuildFile; fileRef = 04ACA2621DB878DF0075289D /* Task.swift */; };
		04B2F7A11DCCA8CA00CEA98E /* EndScreenViewController.swift in Sources */ = {isa = PBXBuildFile; fileRef = 04B2F7A01DCCA8CA00CEA98E /* EndScreenViewController.swift */; };
		04B2F7A31DCCA94500CEA98E /* OperationScreenViewController.swift in Sources */ = {isa = PBXBuildFile; fileRef = 04B2F7A21DCCA94500CEA98E /* OperationScreenViewController.swift */; };
		04D48BA61DD5D4570058767D /* BuyScreenViewController.swift in Sources */ = {isa = PBXBuildFile; fileRef = 04D48BA51DD5D4570058767D /* BuyScreenViewController.swift */; };
/* End PBXBuildFile section */

/* Begin PBXFileReference section */
		043758DB1DE5634E008FA8C3 /* Time.swift */ = {isa = PBXFileReference; fileEncoding = 4; lastKnownFileType = sourcecode.swift; path = Time.swift; sourceTree = "<group>"; };
		0440C2661D4873C20097D400 /* Card.swift */ = {isa = PBXFileReference; fileEncoding = 4; lastKnownFileType = sourcecode.swift; path = Card.swift; sourceTree = "<group>"; };
		0450CDD01D338E7600C07D7A /* Draft_Hypa_02.app */ = {isa = PBXFileReference; explicitFileType = wrapper.application; includeInIndex = 0; path = Draft_Hypa_02.app; sourceTree = BUILT_PRODUCTS_DIR; };
		0450CDD31D338E7600C07D7A /* AppDelegate.swift */ = {isa = PBXFileReference; lastKnownFileType = sourcecode.swift; path = AppDelegate.swift; sourceTree = "<group>"; };
		0450CDD51D338E7600C07D7A /* CardsViewController.swift */ = {isa = PBXFileReference; lastKnownFileType = sourcecode.swift; path = CardsViewController.swift; sourceTree = "<group>"; };
		0450CDD81D338E7600C07D7A /* Base */ = {isa = PBXFileReference; lastKnownFileType = file.storyboard; name = Base; path = Base.lproj/Main.storyboard; sourceTree = "<group>"; };
		0450CDDA1D338E7600C07D7A /* Assets.xcassets */ = {isa = PBXFileReference; lastKnownFileType = folder.assetcatalog; path = Assets.xcassets; sourceTree = "<group>"; };
		0450CDDD1D338E7600C07D7A /* Base */ = {isa = PBXFileReference; lastKnownFileType = file.storyboard; name = Base; path = Base.lproj/LaunchScreen.storyboard; sourceTree = "<group>"; };
		0450CDDF1D338E7600C07D7A /* Info.plist */ = {isa = PBXFileReference; lastKnownFileType = text.plist.xml; path = Info.plist; sourceTree = "<group>"; };
		04611EBC1DF198200009BDE1 /* BacksideController.swift */ = {isa = PBXFileReference; fileEncoding = 4; lastKnownFileType = sourcecode.swift; path = BacksideController.swift; sourceTree = "<group>"; };
		04611EBE1DF1A1650009BDE1 /* TopItem.swift */ = {isa = PBXFileReference; fileEncoding = 4; lastKnownFileType = sourcecode.swift; path = TopItem.swift; sourceTree = "<group>"; };
		04611EC01DF1A17E0009BDE1 /* BottomItem.swift */ = {isa = PBXFileReference; fileEncoding = 4; lastKnownFileType = sourcecode.swift; path = BottomItem.swift; sourceTree = "<group>"; };
		04611EC21DF2E2700009BDE1 /* Score.swift */ = {isa = PBXFileReference; fileEncoding = 4; lastKnownFileType = sourcecode.swift; path = Score.swift; sourceTree = "<group>"; };
		04611EC41DF2E2FA0009BDE1 /* Passes.swift */ = {isa = PBXFileReference; fileEncoding = 4; lastKnownFileType = sourcecode.swift; path = Passes.swift; sourceTree = "<group>"; };
		04ACA2621DB878DF0075289D /* Task.swift */ = {isa = PBXFileReference; fileEncoding = 4; lastKnownFileType = sourcecode.swift; path = Task.swift; sourceTree = "<group>"; };
		04B2F7A01DCCA8CA00CEA98E /* EndScreenViewController.swift */ = {isa = PBXFileReference; fileEncoding = 4; lastKnownFileType = sourcecode.swift; path = EndScreenViewController.swift; sourceTree = "<group>"; };
		04B2F7A21DCCA94500CEA98E /* OperationScreenViewController.swift */ = {isa = PBXFileReference; fileEncoding = 4; lastKnownFileType = sourcecode.swift; path = OperationScreenViewController.swift; sourceTree = "<group>"; };
		04D48BA51DD5D4570058767D /* BuyScreenViewController.swift */ = {isa = PBXFileReference; fileEncoding = 4; lastKnownFileType = sourcecode.swift; path = BuyScreenViewController.swift; sourceTree = "<group>"; };
/* End PBXFileReference section */

/* Begin PBXFrameworksBuildPhase section */
		0450CDCD1D338E7600C07D7A /* Frameworks */ = {
			isa = PBXFrameworksBuildPhase;
			buildActionMask = 2147483647;
			files = (
			);
			runOnlyForDeploymentPostprocessing = 0;
		};
/* End PBXFrameworksBuildPhase section */

/* Begin PBXGroup section */
		0450CDC71D338E7600C07D7A = {
			isa = PBXGroup;
			children = (
				0450CDD21D338E7600C07D7A /* Draft_Hypa_02 */,
				0450CDD11D338E7600C07D7A /* Products */,
			);
			sourceTree = "<group>";
		};
		0450CDD11D338E7600C07D7A /* Products */ = {
			isa = PBXGroup;
			children = (
				0450CDD01D338E7600C07D7A /* Draft_Hypa_02.app */,
			);
			name = Products;
			sourceTree = "<group>";
		};
		0450CDD21D338E7600C07D7A /* Draft_Hypa_02 */ = {
			isa = PBXGroup;
			children = (
				0450CDD31D338E7600C07D7A /* AppDelegate.swift */,
				0450CDD51D338E7600C07D7A /* CardsViewController.swift */,
				0440C2661D4873C20097D400 /* Card.swift */,
				04611EC21DF2E2700009BDE1 /* Score.swift */,
				04611EC41DF2E2FA0009BDE1 /* Passes.swift */,
				04ACA2621DB878DF0075289D /* Task.swift */,
				043758DB1DE5634E008FA8C3 /* Time.swift */,
				04611EBC1DF198200009BDE1 /* BacksideController.swift */,
				04611EBE1DF1A1650009BDE1 /* TopItem.swift */,
				04611EC01DF1A17E0009BDE1 /* BottomItem.swift */,
				04B2F7A21DCCA94500CEA98E /* OperationScreenViewController.swift */,
				04D48BA51DD5D4570058767D /* BuyScreenViewController.swift */,
				04B2F7A01DCCA8CA00CEA98E /* EndScreenViewController.swift */,
				0450CDD71D338E7600C07D7A /* Main.storyboard */,
				0450CDDA1D338E7600C07D7A /* Assets.xcassets */,
				0450CDDC1D338E7600C07D7A /* LaunchScreen.storyboard */,
				0450CDDF1D338E7600C07D7A /* Info.plist */,
			);
			path = Draft_Hypa_02;
			sourceTree = "<group>";
		};
/* End PBXGroup section */

/* Begin PBXNativeTarget section */
		0450CDCF1D338E7600C07D7A /* Draft_Hypa_02 */ = {
			isa = PBXNativeTarget;
			buildConfigurationList = 0450CDE21D338E7600C07D7A /* Build configuration list for PBXNativeTarget "Draft_Hypa_02" */;
			buildPhases = (
				0450CDCC1D338E7600C07D7A /* Sources */,
				0450CDCD1D338E7600C07D7A /* Frameworks */,
				0450CDCE1D338E7600C07D7A /* Resources */,
			);
			buildRules = (
			);
			dependencies = (
			);
			name = Draft_Hypa_02;
			productName = Draft_Hypa_02;
			productReference = 0450CDD01D338E7600C07D7A /* Draft_Hypa_02.app */;
			productType = "com.apple.product-type.application";
		};
/* End PBXNativeTarget section */

/* Begin PBXProject section */
		0450CDC81D338E7600C07D7A /* Project object */ = {
			isa = PBXProject;
			attributes = {
				LastSwiftUpdateCheck = 0800;
				LastUpgradeCheck = 0800;
				ORGANIZATIONNAME = mac;
				TargetAttributes = {
					0450CDCF1D338E7600C07D7A = {
						CreatedOnToolsVersion = 8.0;
						DevelopmentTeam = V3PRQ4D5VL;
						DevelopmentTeamName = "Raul Gadzhiev (Personal Team)";
						ProvisioningStyle = Automatic;
					};
				};
			};
			buildConfigurationList = 0450CDCB1D338E7600C07D7A /* Build configuration list for PBXProject "Draft_Hypa_02" */;
			compatibilityVersion = "Xcode 3.2";
			developmentRegion = English;
			hasScannedForEncodings = 0;
			knownRegions = (
				en,
				Base,
			);
			mainGroup = 0450CDC71D338E7600C07D7A;
			productRefGroup = 0450CDD11D338E7600C07D7A /* Products */;
			projectDirPath = "";
			projectRoot = "";
			targets = (
				0450CDCF1D338E7600C07D7A /* Draft_Hypa_02 */,
			);
		};
/* End PBXProject section */

/* Begin PBXResourcesBuildPhase section */
		0450CDCE1D338E7600C07D7A /* Resources */ = {
			isa = PBXResourcesBuildPhase;
			buildActionMask = 2147483647;
			files = (
				0450CDDE1D338E7600C07D7A /* LaunchScreen.storyboard in Resources */,
				0450CDDB1D338E7600C07D7A /* Assets.xcassets in Resources */,
				0450CDD91D338E7600C07D7A /* Main.storyboard in Resources */,
			);
			runOnlyForDeploymentPostprocessing = 0;
		};
/* End PBXResourcesBuildPhase section */

/* Begin PBXSourcesBuildPhase section */
		0450CDCC1D338E7600C07D7A /* Sources */ = {
			isa = PBXSourcesBuildPhase;
			buildActionMask = 2147483647;
			files = (
				04D48BA61DD5D4570058767D /* BuyScreenViewController.swift in Sources */,
				04B2F7A11DCCA8CA00CEA98E /* EndScreenViewController.swift in Sources */,
				04ACA2631DB878DF0075289D /* Task.swift in Sources */,
				0450CDD61D338E7600C07D7A /* CardsViewController.swift in Sources */,
				04611EBF1DF1A1650009BDE1 /* TopItem.swift in Sources */,
				04611EC51DF2E2FA0009BDE1 /* Passes.swift in Sources */,
				0450CDD41D338E7600C07D7A /* AppDelegate.swift in Sources */,
				04611EBD1DF198200009BDE1 /* BacksideController.swift in Sources */,
				04611EC11DF1A17E0009BDE1 /* BottomItem.swift in Sources */,
				04B2F7A31DCCA94500CEA98E /* OperationScreenViewController.swift in Sources */,
				043758DC1DE5634E008FA8C3 /* Time.swift in Sources */,
				04611EC31DF2E2700009BDE1 /* Score.swift in Sources */,
				0440C2671D4873C20097D400 /* Card.swift in Sources */,
			);
			runOnlyForDeploymentPostprocessing = 0;
		};
/* End PBXSourcesBuildPhase section */

/* Begin PBXVariantGroup section */
		0450CDD71D338E7600C07D7A /* Main.storyboard */ = {
			isa = PBXVariantGroup;
			children = (
				0450CDD81D338E7600C07D7A /* Base */,
			);
			name = Main.storyboard;
			sourceTree = "<group>";
		};
		0450CDDC1D338E7600C07D7A /* LaunchScreen.storyboard */ = {
			isa = PBXVariantGroup;
			children = (
				0450CDDD1D338E7600C07D7A /* Base */,
			);
			name = LaunchScreen.storyboard;
			sourceTree = "<group>";
		};
/* End PBXVariantGroup section */

/* Begin XCBuildConfiguration section */
		0450CDE01D338E7600C07D7A /* Debug */ = {
			isa = XCBuildConfiguration;
			buildSettings = {
				ALWAYS_SEARCH_USER_PATHS = NO;
				CLANG_ANALYZER_NONNULL = YES;
				CLANG_CXX_LANGUAGE_STANDARD = "gnu++0x";
				CLANG_CXX_LIBRARY = "libc++";
				CLANG_ENABLE_MODULES = YES;
				CLANG_ENABLE_OBJC_ARC = YES;
				CLANG_WARN_BOOL_CONVERSION = YES;
				CLANG_WARN_CONSTANT_CONVERSION = YES;
				CLANG_WARN_DIRECT_OBJC_ISA_USAGE = YES_ERROR;
				CLANG_WARN_DOCUMENTATION_COMMENTS = YES;
				CLANG_WARN_EMPTY_BODY = YES;
				CLANG_WARN_ENUM_CONVERSION = YES;
				CLANG_WARN_INT_CONVERSION = YES;
				CLANG_WARN_OBJC_ROOT_CLASS = YES_ERROR;
				CLANG_WARN_UNREACHABLE_CODE = YES;
				CLANG_WARN__DUPLICATE_METHOD_MATCH = YES;
				"CODE_SIGN_IDENTITY[sdk=iphoneos*]" = "iPhone Developer";
				COPY_PHASE_STRIP = NO;
				DEBUG_INFORMATION_FORMAT = dwarf;
				ENABLE_STRICT_OBJC_MSGSEND = YES;
				ENABLE_TESTABILITY = YES;
				GCC_C_LANGUAGE_STANDARD = gnu99;
				GCC_DYNAMIC_NO_PIC = NO;
				GCC_NO_COMMON_BLOCKS = YES;
				GCC_OPTIMIZATION_LEVEL = 0;
				GCC_PREPROCESSOR_DEFINITIONS = (
					"DEBUG=1",
					"$(inherited)",
				);
				GCC_WARN_64_TO_32_BIT_CONVERSION = YES;
				GCC_WARN_ABOUT_RETURN_TYPE = YES_ERROR;
				GCC_WARN_UNDECLARED_SELECTOR = YES;
				GCC_WARN_UNINITIALIZED_AUTOS = YES_AGGRESSIVE;
				GCC_WARN_UNUSED_FUNCTION = YES;
				GCC_WARN_UNUSED_VARIABLE = YES;
				IPHONEOS_DEPLOYMENT_TARGET = 10.0;
				MTL_ENABLE_DEBUG_INFO = YES;
				ONLY_ACTIVE_ARCH = YES;
				SDKROOT = iphoneos;
				SWIFT_ACTIVE_COMPILATION_CONDITIONS = DEBUG;
				SWIFT_OPTIMIZATION_LEVEL = "-Onone";
			};
			name = Debug;
		};
		0450CDE11D338E7600C07D7A /* Release */ = {
			isa = XCBuildConfiguration;
			buildSettings = {
				ALWAYS_SEARCH_USER_PATHS = NO;
				CLANG_ANALYZER_NONNULL = YES;
				CLANG_CXX_LANGUAGE_STANDARD = "gnu++0x";
				CLANG_CXX_LIBRARY = "libc++";
				CLANG_ENABLE_MODULES = YES;
				CLANG_ENABLE_OBJC_ARC = YES;
				CLANG_WARN_BOOL_CONVERSION = YES;
				CLANG_WARN_CONSTANT_CONVERSION = YES;
				CLANG_WARN_DIRECT_OBJC_ISA_USAGE = YES_ERROR;
				CLANG_WARN_DOCUMENTATION_COMMENTS = YES;
				CLANG_WARN_EMPTY_BODY = YES;
				CLANG_WARN_ENUM_CONVERSION = YES;
				CLANG_WARN_INT_CONVERSION = YES;
				CLANG_WARN_OBJC_ROOT_CLASS = YES_ERROR;
				CLANG_WARN_UNREACHABLE_CODE = YES;
				CLANG_WARN__DUPLICATE_METHOD_MATCH = YES;
				"CODE_SIGN_IDENTITY[sdk=iphoneos*]" = "iPhone Developer";
				COPY_PHASE_STRIP = NO;
				DEBUG_INFORMATION_FORMAT = "dwarf-with-dsym";
				ENABLE_NS_ASSERTIONS = NO;
				ENABLE_STRICT_OBJC_MSGSEND = YES;
				GCC_C_LANGUAGE_STANDARD = gnu99;
				GCC_NO_COMMON_BLOCKS = YES;
				GCC_WARN_64_TO_32_BIT_CONVERSION = YES;
				GCC_WARN_ABOUT_RETURN_TYPE = YES_ERROR;
				GCC_WARN_UNDECLARED_SELECTOR = YES;
				GCC_WARN_UNINITIALIZED_AUTOS = YES_AGGRESSIVE;
				GCC_WARN_UNUSED_FUNCTION = YES;
				GCC_WARN_UNUSED_VARIABLE = YES;
				IPHONEOS_DEPLOYMENT_TARGET = 10.0;
				MTL_ENABLE_DEBUG_INFO = NO;
				SDKROOT = iphoneos;
				SWIFT_OPTIMIZATION_LEVEL = "-Owholemodule";
				VALIDATE_PRODUCT = YES;
			};
			name = Release;
		};
		0450CDE31D338E7600C07D7A /* Debug */ = {
			isa = XCBuildConfiguration;
			buildSettings = {
				ASSETCATALOG_COMPILER_APPICON_NAME = AppIcon;
				INFOPLIST_FILE = Draft_Hypa_02/Info.plist;
				IPHONEOS_DEPLOYMENT_TARGET = 9.0;
				LD_RUNPATH_SEARCH_PATHS = "$(inherited) @executable_path/Frameworks";
				PRODUCT_BUNDLE_IDENTIFIER = "com.hypa.Draft-Hypa-02";
				PRODUCT_NAME = "$(TARGET_NAME)";
				SWIFT_VERSION = 3.0;
			};
			name = Debug;
		};
		0450CDE41D338E7600C07D7A /* Release */ = {
			isa = XCBuildConfiguration;
			buildSettings = {
				ASSETCATALOG_COMPILER_APPICON_NAME = AppIcon;
				INFOPLIST_FILE = Draft_Hypa_02/Info.plist;
				IPHONEOS_DEPLOYMENT_TARGET = 9.0;
				LD_RUNPATH_SEARCH_PATHS = "$(inherited) @executable_path/Frameworks";
				PRODUCT_BUNDLE_IDENTIFIER = "com.hypa.Draft-Hypa-02";
				PRODUCT_NAME = "$(TARGET_NAME)";
				SWIFT_VERSION = 3.0;
			};
			name = Release;
		};
/* End XCBuildConfiguration section */

/* Begin XCConfigurationList section */
		0450CDCB1D338E7600C07D7A /* Build configuration list for PBXProject "Draft_Hypa_02" */ = {
			isa = XCConfigurationList;
			buildConfigurations = (
				0450CDE01D338E7600C07D7A /* Debug */,
				0450CDE11D338E7600C07D7A /* Release */,
			);
			defaultConfigurationIsVisible = 0;
			defaultConfigurationName = Release;
		};
		0450CDE21D338E7600C07D7A /* Build configuration list for PBXNativeTarget "Draft_Hypa_02" */ = {
			isa = XCConfigurationList;
			buildConfigurations = (
				0450CDE31D338E7600C07D7A /* Debug */,
				0450CDE41D338E7600C07D7A /* Release */,
			);
			defaultConfigurationIsVisible = 0;
			defaultConfigurationName = Release;
		};
/* End XCConfigurationList section */
	};
	rootObject = 0450CDC81D338E7600C07D7A /* Project object */;
}
